
Microsoft Visual Studio Solution File, Format Version 12.00
# Visual Studio Version 16
VisualStudioVersion = 16.0.30907.101
MinimumVisualStudioVersion = 15.0.26124.0
Project("{FAE04EC0-301F-11D3-BF4B-00C04F79EFBC}") = "Sommus.Api", "Sommus.Api\Sommus.Api.csproj", "{C28F6843-A043-4F1D-92E5-A0038E3060B2}"
EndProject
Project("{FAE04EC0-301F-11D3-BF4B-00C04F79EFBC}") = "Sommus.Domain", "Sommus.Domain\Sommus.Domain.csproj", "{E61302E8-213B-4549-A8D9-E299F2710EB6}"
EndProject
Global
	GlobalSection(SolutionConfigurationPlatforms) = preSolution
		Debug|Any CPU = Debug|Any CPU
		Debug|x64 = Debug|x64
		Debug|x86 = Debug|x86
		Release|Any CPU = Release|Any CPU
		Release|x64 = Release|x64
		Release|x86 = Release|x86
	EndGlobalSection
	GlobalSection(ProjectConfigurationPlatforms) = postSolution
		{C28F6843-A043-4F1D-92E5-A0038E3060B2}.Debug|Any CPU.ActiveCfg = Debug|Any CPU
		{C28F6843-A043-4F1D-92E5-A0038E3060B2}.Debug|Any CPU.Build.0 = Debug|Any CPU
		{C28F6843-A043-4F1D-92E5-A0038E3060B2}.Debug|x64.ActiveCfg = Debug|Any CPU
		{C28F6843-A043-4F1D-92E5-A0038E3060B2}.Debug|x64.Build.0 = Debug|Any CPU
		{C28F6843-A043-4F1D-92E5-A0038E3060B2}.Debug|x86.ActiveCfg = Debug|Any CPU
		{C28F6843-A043-4F1D-92E5-A0038E3060B2}.Debug|x86.Build.0 = Debug|Any CPU
		{C28F6843-A043-4F1D-92E5-A0038E3060B2}.Release|Any CPU.ActiveCfg = Release|Any CPU
		{C28F6843-A043-4F1D-92E5-A0038E3060B2}.Release|Any CPU.Build.0 = Release|Any CPU
		{C28F6843-A043-4F1D-92E5-A0038E3060B2}.Release|x64.ActiveCfg = Release|Any CPU
		{C28F6843-A043-4F1D-92E5-A0038E3060B2}.Release|x64.Build.0 = Release|Any CPU
		{C28F6843-A043-4F1D-92E5-A0038E3060B2}.Release|x86.ActiveCfg = Release|Any CPU
		{C28F6843-A043-4F1D-92E5-A0038E3060B2}.Release|x86.Build.0 = Release|Any CPU
		{E61302E8-213B-4549-A8D9-E299F2710EB6}.Debug|Any CPU.ActiveCfg = Debug|Any CPU
		{E61302E8-213B-4549-A8D9-E299F2710EB6}.Debug|Any CPU.Build.0 = Debug|Any CPU
		{E61302E8-213B-4549-A8D9-E299F2710EB6}.Debug|x64.ActiveCfg = Debug|Any CPU
		{E61302E8-213B-4549-A8D9-E299F2710EB6}.Debug|x64.Build.0 = Debug|Any CPU
		{E61302E8-213B-4549-A8D9-E299F2710EB6}.Debug|x86.ActiveCfg = Debug|Any CPU
		{E61302E8-213B-4549-A8D9-E299F2710EB6}.Debug|x86.Build.0 = Debug|Any CPU
		{E61302E8-213B-4549-A8D9-E299F2710EB6}.Release|Any CPU.ActiveCfg = Release|Any CPU
		{E61302E8-213B-4549-A8D9-E299F2710EB6}.Release|Any CPU.Build.0 = Release|Any CPU
		{E61302E8-213B-4549-A8D9-E299F2710EB6}.Release|x64.ActiveCfg = Release|Any CPU
		{E61302E8-213B-4549-A8D9-E299F2710EB6}.Release|x64.Build.0 = Release|Any CPU
		{E61302E8-213B-4549-A8D9-E299F2710EB6}.Release|x86.ActiveCfg = Release|Any CPU
		{E61302E8-213B-4549-A8D9-E299F2710EB6}.Release|x86.Build.0 = Release|Any CPU
	EndGlobalSection
	GlobalSection(SolutionProperties) = preSolution
		HideSolutionNode = FALSE
	EndGlobalSection
	GlobalSection(ExtensibilityGlobals) = postSolution
		SolutionGuid = {F6E7D8FF-1CB1-4A00-8ED1-8A962F0577AF}
	EndGlobalSection
EndGlobal
